
Microsoft Visual Studio Solution File, Format Version 12.00
# Visual Studio 2013
VisualStudioVersion = 12.0.31101.0
MinimumVisualStudioVersion = 10.0.40219.1
Project("{FAE04EC0-301F-11D3-BF4B-00C04F79EFBC}") = "TrocoSerto.Desktop", "trocoSerto.Desktop\TrocoSerto.Desktop.csproj", "{51FC3DCB-B683-4124-A773-3022A40FDE0A}"
EndProject
Project("{FAE04EC0-301F-11D3-BF4B-00C04F79EFBC}") = "TrocoSerto.Core", "TrocoSerto.Core\TrocoSerto.Core.csproj", "{CE80673F-38AE-4080-91AA-199027033191}"
EndProject
Project("{FAE04EC0-301F-11D3-BF4B-00C04F79EFBC}") = "Dlp.TrocoSerto.Test", "Dlp.TrocoSerto.Test\Dlp.TrocoSerto.Test.csproj", "{FF7E0522-D762-4B81-9704-AB341A67A55B}"
EndProject
Global
	GlobalSection(SolutionConfigurationPlatforms) = preSolution
		Debug|Any CPU = Debug|Any CPU
		Release|Any CPU = Release|Any CPU
	EndGlobalSection
	GlobalSection(ProjectConfigurationPlatforms) = postSolution
		{51FC3DCB-B683-4124-A773-3022A40FDE0A}.Debug|Any CPU.ActiveCfg = Debug|Any CPU
		{51FC3DCB-B683-4124-A773-3022A40FDE0A}.Debug|Any CPU.Build.0 = Debug|Any CPU
		{51FC3DCB-B683-4124-A773-3022A40FDE0A}.Release|Any CPU.ActiveCfg = Release|Any CPU
		{51FC3DCB-B683-4124-A773-3022A40FDE0A}.Release|Any CPU.Build.0 = Release|Any CPU
		{CE80673F-38AE-4080-91AA-199027033191}.Debug|Any CPU.ActiveCfg = Debug|Any CPU
		{CE80673F-38AE-4080-91AA-199027033191}.Debug|Any CPU.Build.0 = Debug|Any CPU
		{CE80673F-38AE-4080-91AA-199027033191}.Release|Any CPU.ActiveCfg = Release|Any CPU
		{CE80673F-38AE-4080-91AA-199027033191}.Release|Any CPU.Build.0 = Release|Any CPU
		{FF7E0522-D762-4B81-9704-AB341A67A55B}.Debug|Any CPU.ActiveCfg = Debug|Any CPU
		{FF7E0522-D762-4B81-9704-AB341A67A55B}.Debug|Any CPU.Build.0 = Debug|Any CPU
		{FF7E0522-D762-4B81-9704-AB341A67A55B}.Release|Any CPU.ActiveCfg = Release|Any CPU
		{FF7E0522-D762-4B81-9704-AB341A67A55B}.Release|Any CPU.Build.0 = Release|Any CPU
	EndGlobalSection
	GlobalSection(SolutionProperties) = preSolution
		HideSolutionNode = FALSE
	EndGlobalSection
EndGlobal
